
Microsoft Visual Studio Solution File, Format Version 12.00
# Visual Studio Version 17
VisualStudioVersion = 17.4.33110.190
MinimumVisualStudioVersion = 10.0.40219.1
Project("{FAE04EC0-301F-11D3-BF4B-00C04F79EFBC}") = "HardwareMonitor", "HardwareMonitor\HardwareMonitor.csproj", "{B75EF216-6895-4A2D-96BB-0FD9F43E6BD7}"
EndProject
Global
	GlobalSection(SolutionConfigurationPlatforms) = preSolution
		Debug|Any CPU = Debug|Any CPU
		Release|Any CPU = Release|Any CPU
	EndGlobalSection
	GlobalSection(ProjectConfigurationPlatforms) = postSolution
		{B75EF216-6895-4A2D-96BB-0FD9F43E6BD7}.Debug|Any CPU.ActiveCfg = Debug|Any CPU
		{B75EF216-6895-4A2D-96BB-0FD9F43E6BD7}.Debug|Any CPU.Build.0 = Debug|Any CPU
		{B75EF216-6895-4A2D-96BB-0FD9F43E6BD7}.Release|Any CPU.ActiveCfg = Release|Any CPU
		{B75EF216-6895-4A2D-96BB-0FD9F43E6BD7}.Release|Any CPU.Build.0 = Release|Any CPU
	EndGlobalSection
	GlobalSection(SolutionProperties) = preSolution
		HideSolutionNode = FALSE
	EndGlobalSection
	GlobalSection(ExtensibilityGlobals) = postSolution
		SolutionGuid = {F4B98F80-F302-4EE7-B87B-5C3CC2EA6E1E}
	EndGlobalSection
EndGlobal
